{
  "version": 4,
  "terraform_version": "1.1.9",
  "serial": 3,
  "lineage": "cb68c1e9-1ddd-d59f-ef6c-9cc11b47d19b",
  "outputs": {},
  "resources": [
    {
      "mode": "managed",
      "type": "aws_vpc",
      "name": "my_vpc",
      "provider": "provider[\"registry.terraform.io/hashicorp/aws\"]",
      "instances": [
        {
          "schema_version": 1,
          "attributes": {
            "arn": "arn:aws:ec2:us-east-1:075735632953:vpc/vpc-02cc3c20874356a85",
            "assign_generated_ipv6_cidr_block": false,
            "cidr_block": "192.168.0.0/16",
            "default_network_acl_id": "acl-0eff240d05160eeaf",
            "default_route_table_id": "rtb-0c10c5b982001109b",
            "default_security_group_id": "sg-082eccb1a60b9527b",
            "dhcp_options_id": "dopt-0268375657feb3b77",
            "enable_classiclink": false,
            "enable_classiclink_dns_support": false,
            "enable_dns_hostnames": false,
            "enable_dns_support": true,
            "id": "vpc-02cc3c20874356a85",
            "instance_tenancy": "default",
            "ipv4_ipam_pool_id": null,
            "ipv4_netmask_length": null,
            "ipv6_association_id": "",
            "ipv6_cidr_block": "",
            "ipv6_cidr_block_network_border_group": "",
            "ipv6_ipam_pool_id": "",
            "ipv6_netmask_length": 0,
            "main_route_table_id": "rtb-0c10c5b982001109b",
            "owner_id": "075735632953",
            "tags": {
              "Name": "from_tf"
            },
            "tags_all": {
              "Name": "from_tf"
            }
          },
          "sensitive_attributes": [],
          "private": "eyJzY2hlbWFfdmVyc2lvbiI6IjEifQ=="
        }
      ]
    }
  ]
}
